Microsoft Visual Studio Solution File, Format Version 12.00
# Visual Studio Version 17
VisualStudioVersion = 17.5.2.0
MinimumVisualStudioVersion = 10.0.40219.1
Project("{2150E333-8FDC-42A3-9474-1A3956D46DE8}") = "vignette-app", "vignette-app", "{1C32A65D-C9C2-5164-273C-295B3E86AA1D}"
EndProject
Project("{FAE04EC0-301F-11D3-BF4B-00C04F79EFBC}") = "vignette-app", "vignette-app\backend\vignette-app.csproj", "{C5EFC1C0-5146-7E24-8FCA-6F60952AFE37}"
EndProject
Global
	GlobalSection(SolutionConfigurationPlatforms) = preSolution
		Debug|Any CPU = Debug|Any CPU
		Release|Any CPU = Release|Any CPU
	EndGlobalSection
	GlobalSection(ProjectConfigurationPlatforms) = postSolution
		{C5EFC1C0-5146-7E24-8FCA-6F60952AFE37}.Debug|Any CPU.ActiveCfg = Debug|Any CPU
		{C5EFC1C0-5146-7E24-8FCA-6F60952AFE37}.Debug|Any CPU.Build.0 = Debug|Any CPU
		{C5EFC1C0-5146-7E24-8FCA-6F60952AFE37}.Release|Any CPU.ActiveCfg = Release|Any CPU
		{C5EFC1C0-5146-7E24-8FCA-6F60952AFE37}.Release|Any CPU.Build.0 = Release|Any CPU
	EndGlobalSection
	GlobalSection(SolutionProperties) = preSolution
		HideSolutionNode = FALSE
	EndGlobalSection
	GlobalSection(NestedProjects) = preSolution
		{C5EFC1C0-5146-7E24-8FCA-6F60952AFE37} = {1C32A65D-C9C2-5164-273C-295B3E86AA1D}
	EndGlobalSection
	GlobalSection(ExtensibilityGlobals) = postSolution
		SolutionGuid = {D199CFAC-9800-4349-9FF5-94D7E5F89EC0}
	EndGlobalSection
EndGlobal
